
Microsoft Visual Studio Solution File, Format Version 11.00
# Visual Studio 2010
Project("{FAE04EC0-301F-11D3-BF4B-00C04F79EFBC}") = "Assembly-CSharp", "Assembly-CSharp.csproj", "{16d4fdad-2b81-d437-b611-ab05de0d6fb4}"
EndProject
Project("{FAE04EC0-301F-11D3-BF4B-00C04F79EFBC}") = "Assembly-CSharp-Editor", "Assembly-CSharp-Editor.csproj", "{ce2ce092-38aa-b6ce-d3d0-bcc39e191ac7}"
EndProject
Global
	GlobalSection(SolutionConfigurationPlatforms) = preSolution
		Debug|Any CPU = Debug|Any CPU
	EndGlobalSection
	GlobalSection(ProjectConfigurationPlatforms) = postSolution
		{16d4fdad-2b81-d437-b611-ab05de0d6fb4}.Debug|Any CPU.ActiveCfg = Debug|Any CPU
		{16d4fdad-2b81-d437-b611-ab05de0d6fb4}.Debug|Any CPU.Build.0 = Debug|Any CPU
		{ce2ce092-38aa-b6ce-d3d0-bcc39e191ac7}.Debug|Any CPU.ActiveCfg = Debug|Any CPU
		{ce2ce092-38aa-b6ce-d3d0-bcc39e191ac7}.Debug|Any CPU.Build.0 = Debug|Any CPU
	EndGlobalSection
	GlobalSection(SolutionProperties) = preSolution
		HideSolutionNode = FALSE
	EndGlobalSection
EndGlobal
